
Microsoft Visual Studio Solution File, Format Version 12.00
# Visual Studio Version 17
VisualStudioVersion = 17.6.33723.286
MinimumVisualStudioVersion = 10.0.40219.1
Project("{FAE04EC0-301F-11D3-BF4B-00C04F79EFBC}") = "Sudnica_API_Test", "Sudnica_API_Test\Sudnica_API_Test.csproj", "{7C092A67-3410-46DC-B3C3-380A330CDB96}"
EndProject
Global
	GlobalSection(SolutionConfigurationPlatforms) = preSolution
		Debug|Any CPU = Debug|Any CPU
		Release|Any CPU = Release|Any CPU
	EndGlobalSection
	GlobalSection(ProjectConfigurationPlatforms) = postSolution
		{7C092A67-3410-46DC-B3C3-380A330CDB96}.Debug|Any CPU.ActiveCfg = Debug|Any CPU
		{7C092A67-3410-46DC-B3C3-380A330CDB96}.Debug|Any CPU.Build.0 = Debug|Any CPU
		{7C092A67-3410-46DC-B3C3-380A330CDB96}.Release|Any CPU.ActiveCfg = Release|Any CPU
		{7C092A67-3410-46DC-B3C3-380A330CDB96}.Release|Any CPU.Build.0 = Release|Any CPU
	EndGlobalSection
	GlobalSection(SolutionProperties) = preSolution
		HideSolutionNode = FALSE
	EndGlobalSection
	GlobalSection(ExtensibilityGlobals) = postSolution
		SolutionGuid = {AC6726D3-C08B-484C-9B67-3902B4AF241B}
	EndGlobalSection
EndGlobal
